
Microsoft Visual Studio Solution File, Format Version 12.00
Project("{FAE04EC0-301F-11D3-BF4B-00C04F79EFBC}") = "MyBookShelf.Business", "MyBookShelf.Business\MyBookShelf.Business.csproj", "{D09E10FD-7DC3-45CD-B00C-370B3A52E572}"
EndProject
Project("{FAE04EC0-301F-11D3-BF4B-00C04F79EFBC}") = "MyBookShelf.Web", "MyBookShelf.Web\MyBookShelf.Web.csproj", "{B8142FA8-C33B-4C84-9EE9-3A808089387E}"
EndProject
Project("{FAE04EC0-301F-11D3-BF4B-00C04F79EFBC}") = "MyBookShelf.Data", "MyBookShelf.Data\MyBookShelf.Data.csproj", "{18A24223-BA34-4016-A971-248256D44F36}"
EndProject
Global
	GlobalSection(SolutionConfigurationPlatforms) = preSolution
		Debug|Any CPU = Debug|Any CPU
		Release|Any CPU = Release|Any CPU
	EndGlobalSection
	GlobalSection(ProjectConfigurationPlatforms) = postSolution
		{D09E10FD-7DC3-45CD-B00C-370B3A52E572}.Debug|Any CPU.ActiveCfg = Debug|Any CPU
		{D09E10FD-7DC3-45CD-B00C-370B3A52E572}.Debug|Any CPU.Build.0 = Debug|Any CPU
		{D09E10FD-7DC3-45CD-B00C-370B3A52E572}.Release|Any CPU.ActiveCfg = Release|Any CPU
		{D09E10FD-7DC3-45CD-B00C-370B3A52E572}.Release|Any CPU.Build.0 = Release|Any CPU
		{B8142FA8-C33B-4C84-9EE9-3A808089387E}.Debug|Any CPU.ActiveCfg = Debug|Any CPU
		{B8142FA8-C33B-4C84-9EE9-3A808089387E}.Debug|Any CPU.Build.0 = Debug|Any CPU
		{B8142FA8-C33B-4C84-9EE9-3A808089387E}.Release|Any CPU.ActiveCfg = Release|Any CPU
		{B8142FA8-C33B-4C84-9EE9-3A808089387E}.Release|Any CPU.Build.0 = Release|Any CPU
		{18A24223-BA34-4016-A971-248256D44F36}.Debug|Any CPU.ActiveCfg = Debug|Any CPU
		{18A24223-BA34-4016-A971-248256D44F36}.Debug|Any CPU.Build.0 = Debug|Any CPU
		{18A24223-BA34-4016-A971-248256D44F36}.Release|Any CPU.ActiveCfg = Release|Any CPU
		{18A24223-BA34-4016-A971-248256D44F36}.Release|Any CPU.Build.0 = Release|Any CPU
	EndGlobalSection
EndGlobal
